// !$*UTF8*$!
{
	archiveVersion = 1;
	classes = {
	};
	objectVersion = 50;
	objects = {

/* Begin PBXBuildFile section */
		01B24CB91B456F1F2E546893 /* Pods_TodoList.framework in Frameworks */ = {isa = PBXBuildFile; fileRef = 4E34FC828DEF59FB9576AB02 /* Pods_TodoList.framework */; };
		045487D22140FEC600FB11B2 /* Item.swift in Sources */ = {isa = PBXBuildFile; fileRef = 045487D12140FEC600FB11B2 /* Item.swift */; };
		045487D42140FF6200FB11B2 /* Category.swift in Sources */ = {isa = PBXBuildFile; fileRef = 045487D32140FF6200FB11B2 /* Category.swift */; };
		0455555D212A4BEB0080892F /* AppDelegate.swift in Sources */ = {isa = PBXBuildFile; fileRef = 0455555C212A4BEB0080892F /* AppDelegate.swift */; };
		0455555F212A4BEB0080892F /* TodoListViewController.swift in Sources */ = {isa = PBXBuildFile; fileRef = 0455555E212A4BEB0080892F /* TodoListViewController.swift */; };
		04555562212A4BEB0080892F /* Main.storyboard in Resources */ = {isa = PBXBuildFile; fileRef = 04555560212A4BEB0080892F /* Main.storyboard */; };
		04555564212A4BEC0080892F /* Assets.xcassets in Resources */ = {isa = PBXBuildFile; fileRef = 04555563212A4BEC0080892F /* Assets.xcassets */; };
		04555567212A4BEC0080892F /* LaunchScreen.storyboard in Resources */ = {isa = PBXBuildFile; fileRef = 04555565212A4BEC0080892F /* LaunchScreen.storyboard */; };
		046EE874213C07E10033D727 /* CategoryViewController.swift in Sources */ = {isa = PBXBuildFile; fileRef = 046EE873213C07E10033D727 /* CategoryViewController.swift */; };
		04E85A522144D3B8000CA6DD /* SwipeTableViewController.swift in Sources */ = {isa = PBXBuildFile; fileRef = 04E85A512144D3B8000CA6DD /* SwipeTableViewController.swift */; };
/* End PBXBuildFile section */

/* Begin PBXFileReference section */
		045487D12140FEC600FB11B2 /* Item.swift */ = {isa = PBXFileReference; fileEncoding = 4; lastKnownFileType = sourcecode.swift; lineEnding = 0; path = Item.swift; sourceTree = "<group>"; };
		045487D32140FF6200FB11B2 /* Category.swift */ = {isa = PBXFileReference; lastKnownFileType = sourcecode.swift; path = Category.swift; sourceTree = "<group>"; };
		04555559212A4BEB0080892F /* TodoList.app */ = {isa = PBXFileReference; explicitFileType = wrapper.application; includeInIndex = 0; path = TodoList.app; sourceTree = BUILT_PRODUCTS_DIR; };
		0455555C212A4BEB0080892F /* AppDelegate.swift */ = {isa = PBXFileReference; lastKnownFileType = sourcecode.swift; path = AppDelegate.swift; sourceTree = "<group>"; };
		0455555E212A4BEB0080892F /* TodoListViewController.swift */ = {isa = PBXFileReference; fileEncoding = 4; lastKnownFileType = sourcecode.swift; lineEnding = 0; path = TodoListViewController.swift; sourceTree = "<group>"; };
		04555561212A4BEB0080892F /* Base */ = {isa = PBXFileReference; lastKnownFileType = file.storyboard; name = Base; path = Base.lproj/Main.storyboard; sourceTree = "<group>"; };
		04555563212A4BEC0080892F /* Assets.xcassets */ = {isa = PBXFileReference; lastKnownFileType = folder.assetcatalog; path = Assets.xcassets; sourceTree = "<group>"; };
		04555566212A4BEC0080892F /* Base */ = {isa = PBXFileReference; lastKnownFileType = file.storyboard; name = Base; path = Base.lproj/LaunchScreen.storyboard; sourceTree = "<group>"; };
		04555568212A4BEC0080892F /* Info.plist */ = {isa = PBXFileReference; lastKnownFileType = text.plist.xml; path = Info.plist; sourceTree = "<group>"; };
		046EE873213C07E10033D727 /* CategoryViewController.swift */ = {isa = PBXFileReference; fileEncoding = 4; lastKnownFileType = sourcecode.swift; lineEnding = 0; path = CategoryViewController.swift; sourceTree = "<group>"; };
		04E85A512144D3B8000CA6DD /* SwipeTableViewController.swift */ = {isa = PBXFileReference; fileEncoding = 4; lastKnownFileType = sourcecode.swift; lineEnding = 0; path = SwipeTableViewController.swift; sourceTree = "<group>"; };
		4E34FC828DEF59FB9576AB02 /* Pods_TodoList.framework */ = {isa = PBXFileReference; explicitFileType = wrapper.framework; includeInIndex = 0; path = Pods_TodoList.framework; sourceTree = BUILT_PRODUCTS_DIR; };
		57A02B7B3FDCE39CFB802565 /* Pods-TodoList.debug.xcconfig */ = {isa = PBXFileReference; includeInIndex = 1; lastKnownFileType = text.xcconfig; name = "Pods-TodoList.debug.xcconfig"; path = "Pods/Target Support Files/Pods-TodoList/Pods-TodoList.debug.xcconfig"; sourceTree = "<group>"; };
		6DFF25FAEB79A64607CC252C /* Pods-TodoList.release.xcconfig */ = {isa = PBXFileReference; includeInIndex = 1; lastKnownFileType = text.xcconfig; name = "Pods-TodoList.release.xcconfig"; path = "Pods/Target Support Files/Pods-TodoList/Pods-TodoList.release.xcconfig"; sourceTree = "<group>"; };
/* End PBXFileReference section */

/* Begin PBXFrameworksBuildPhase section */
		04555556212A4BEB0080892F /* Frameworks */ = {
			isa = PBXFrameworksBuildPhase;
			buildActionMask = 2147483647;
			files = (
				01B24CB91B456F1F2E546893 /* Pods_TodoList.framework in Frameworks */,
			);
			runOnlyForDeploymentPostprocessing = 0;
		};
/* End PBXFrameworksBuildPhase section */

/* Begin PBXGroup section */
		04555550212A4BEA0080892F = {
			isa = PBXGroup;
			children = (
				0455555B212A4BEB0080892F /* TodoList */,
				0455555A212A4BEB0080892F /* Products */,
				9091A48454D10F552B62DD17 /* Pods */,
				76B44DC07ED5472A844863CD /* Frameworks */,
			);
			sourceTree = "<group>";
		};
		0455555A212A4BEB0080892F /* Products */ = {
			isa = PBXGroup;
			children = (
				04555559212A4BEB0080892F /* TodoList.app */,
			);
			name = Products;
			sourceTree = "<group>";
		};
		0455555B212A4BEB0080892F /* TodoList */ = {
			isa = PBXGroup;
			children = (
				0455555C212A4BEB0080892F /* AppDelegate.swift */,
				04FFA5C2212D554600E3B501 /* Contollers */,
				04FFA5C1212D551900E3B501 /* DataModel */,
				04FFA5C3212D555A00E3B501 /* Views */,
				04FFA5C4212D557700E3B501 /* SupportingFiles */,
				04555568212A4BEC0080892F /* Info.plist */,
			);
			path = TodoList;
			sourceTree = "<group>";
		};
		04FFA5C1212D551900E3B501 /* DataModel */ = {
			isa = PBXGroup;
			children = (
				045487D32140FF6200FB11B2 /* Category.swift */,
				045487D12140FEC600FB11B2 /* Item.swift */,
			);
			path = DataModel;
			sourceTree = "<group>";
		};
		04FFA5C2212D554600E3B501 /* Contollers */ = {
			isa = PBXGroup;
			children = (
				046EE873213C07E10033D727 /* CategoryViewController.swift */,
				0455555E212A4BEB0080892F /* TodoListViewController.swift */,
				04E85A512144D3B8000CA6DD /* SwipeTableViewController.swift */,
			);
			path = Contollers;
			sourceTree = "<group>";
		};
		04FFA5C3212D555A00E3B501 /* Views */ = {
			isa = PBXGroup;
			children = (
				04555560212A4BEB0080892F /* Main.storyboard */,
			);
			path = Views;
			sourceTree = "<group>";
		};
		04FFA5C4212D557700E3B501 /* SupportingFiles */ = {
			isa = PBXGroup;
			children = (
				04555563212A4BEC0080892F /* Assets.xcassets */,
				04555565212A4BEC0080892F /* LaunchScreen.storyboard */,
			);
			path = SupportingFiles;
			sourceTree = "<group>";
		};
		76B44DC07ED5472A844863CD /* Frameworks */ = {
			isa = PBXGroup;
			children = (
				4E34FC828DEF59FB9576AB02 /* Pods_TodoList.framework */,
			);
			name = Frameworks;
			sourceTree = "<group>";
		};
		9091A48454D10F552B62DD17 /* Pods */ = {
			isa = PBXGroup;
			children = (
				57A02B7B3FDCE39CFB802565 /* Pods-TodoList.debug.xcconfig */,
				6DFF25FAEB79A64607CC252C /* Pods-TodoList.release.xcconfig */,
			);
			name = Pods;
			sourceTree = "<group>";
		};
/* End PBXGroup section */

/* Begin PBXNativeTarget section */
		04555558212A4BEB0080892F /* TodoList */ = {
			isa = PBXNativeTarget;
			buildConfigurationList = 0455556B212A4BEC0080892F /* Build configuration list for PBXNativeTarget "TodoList" */;
			buildPhases = (
				5B1DC1EE23494409B806DC53 /* [CP] Check Pods Manifest.lock */,
				04555555212A4BEB0080892F /* Sources */,
				04555556212A4BEB0080892F /* Frameworks */,
				04555557212A4BEB0080892F /* Resources */,
				215F3C77C1E483C5A35432D8 /* [CP] Embed Pods Frameworks */,
			);
			buildRules = (
			);
			dependencies = (
			);
			name = TodoList;
			productName = TodoList;
			productReference = 04555559212A4BEB0080892F /* TodoList.app */;
			productType = "com.apple.product-type.application";
		};
/* End PBXNativeTarget section */

/* Begin PBXProject section */
		04555551212A4BEA0080892F /* Project object */ = {
			isa = PBXProject;
			attributes = {
				LastSwiftUpdateCheck = 0940;
				LastUpgradeCheck = 0940;
				ORGANIZATIONNAME = junhyuk;
				TargetAttributes = {
					04555558212A4BEB0080892F = {
						CreatedOnToolsVersion = 9.4.1;
						LastSwiftMigration = 1030;
					};
				};
			};
			buildConfigurationList = 04555554212A4BEA0080892F /* Build configuration list for PBXProject "TodoList" */;
			compatibilityVersion = "Xcode 9.3";
			developmentRegion = en;
			hasScannedForEncodings = 0;
			knownRegions = (
				en,
				Base,
			);
			mainGroup = 04555550212A4BEA0080892F;
			productRefGroup = 0455555A212A4BEB0080892F /* Products */;
			projectDirPath = "";
			projectRoot = "";
			targets = (
				04555558212A4BEB0080892F /* TodoList */,
			);
		};
/* End PBXProject section */

/* Begin PBXResourcesBuildPhase section */
		04555557212A4BEB0080892F /* Resources */ = {
			isa = PBXResourcesBuildPhase;
			buildActionMask = 2147483647;
			files = (
				04555567212A4BEC0080892F /* LaunchScreen.storyboard in Resources */,
				04555564212A4BEC0080892F /* Assets.xcassets in Resources */,
				04555562212A4BEB0080892F /* Main.storyboard in Resources */,
			);
			runOnlyForDeploymentPostprocessing = 0;
		};
/* End PBXResourcesBuildPhase section */

/* Begin PBXShellScriptBuildPhase section */
		215F3C77C1E483C5A35432D8 /* [CP] Embed Pods Frameworks */ = {
			isa = PBXShellScriptBuildPhase;
			buildActionMask = 2147483647;
			files = (
			);
			inputPaths = (
				"${PODS_ROOT}/Target Support Files/Pods-TodoList/Pods-TodoList-frameworks.sh",
				"${BUILT_PRODUCTS_DIR}/ChameleonFramework/ChameleonFramework.framework",
				"${BUILT_PRODUCTS_DIR}/Realm/Realm.framework",
				"${BUILT_PRODUCTS_DIR}/RealmSwift/RealmSwift.framework",
				"${BUILT_PRODUCTS_DIR}/SwipeCellKit/SwipeCellKit.framework",
			);
			name = "[CP] Embed Pods Frameworks";
			outputPaths = (
				"${TARGET_BUILD_DIR}/${FRAMEWORKS_FOLDER_PATH}/ChameleonFramework.framework",
				"${TARGET_BUILD_DIR}/${FRAMEWORKS_FOLDER_PATH}/Realm.framework",
				"${TARGET_BUILD_DIR}/${FRAMEWORKS_FOLDER_PATH}/RealmSwift.framework",
				"${TARGET_BUILD_DIR}/${FRAMEWORKS_FOLDER_PATH}/SwipeCellKit.framework",
			);
			runOnlyForDeploymentPostprocessing = 0;
			shellPath = /bin/sh;
			shellScript = "\"${PODS_ROOT}/Target Support Files/Pods-TodoList/Pods-TodoList-frameworks.sh\"\n";
			showEnvVarsInLog = 0;
		};
		5B1DC1EE23494409B806DC53 /* [CP] Check Pods Manifest.lock */ = {
			isa = PBXShellScriptBuildPhase;
			buildActionMask = 2147483647;
			files = (
			);
			inputPaths = (
				"${PODS_PODFILE_DIR_PATH}/Podfile.lock",
				"${PODS_ROOT}/Manifest.lock",
			);
			name = "[CP] Check Pods Manifest.lock";
			outputPaths = (
				"$(DERIVED_FILE_DIR)/Pods-TodoList-checkManifestLockResult.txt",
			);
			runOnlyForDeploymentPostprocessing = 0;
			shellPath = /bin/sh;
			shellScript = "diff \"${PODS_PODFILE_DIR_PATH}/Podfile.lock\" \"${PODS_ROOT}/Manifest.lock\" > /dev/null\nif [ $? != 0 ] ; then\n    # print error to STDERR\n    echo \"error: The sandbox is not in sync with the Podfile.lock. Run 'pod install' or update your CocoaPods installation.\" >&2\n    exit 1\nfi\n# This output is used by Xcode 'outputs' to avoid re-running this script phase.\necho \"SUCCESS\" > \"${SCRIPT_OUTPUT_FILE_0}\"\n";
			showEnvVarsInLog = 0;
		};
/* End PBXShellScriptBuildPhase section */

/* Begin PBXSourcesBuildPhase section */
		04555555212A4BEB0080892F /* Sources */ = {
			isa = PBXSourcesBuildPhase;
			buildActionMask = 2147483647;
			files = (
				046EE874213C07E10033D727 /* CategoryViewController.swift in Sources */,
				0455555F212A4BEB0080892F /* TodoListViewController.swift in Sources */,
				045487D22140FEC600FB11B2 /* Item.swift in Sources */,
				0455555D212A4BEB0080892F /* AppDelegate.swift in Sources */,
				04E85A522144D3B8000CA6DD /* SwipeTableViewController.swift in Sources */,
				045487D42140FF6200FB11B2 /* Category.swift in Sources */,
			);
			runOnlyForDeploymentPostprocessing = 0;
		};
/* End PBXSourcesBuildPhase section */

/* Begin PBXVariantGroup section */
		04555560212A4BEB0080892F /* Main.storyboard */ = {
			isa = PBXVariantGroup;
			children = (
				04555561212A4BEB0080892F /* Base */,
			);
			name = Main.storyboard;
			sourceTree = "<group>";
		};
		04555565212A4BEC0080892F /* LaunchScreen.storyboard */ = {
			isa = PBXVariantGroup;
			children = (
				04555566212A4BEC0080892F /* Base */,
			);
			name = LaunchScreen.storyboard;
			sourceTree = "<group>";
		};
/* End PBXVariantGroup section */

/* Begin XCBuildConfiguration section */
		04555569212A4BEC0080892F /* Debug */ = {
			isa = XCBuildConfiguration;
			buildSettings = {
				ALWAYS_SEARCH_USER_PATHS = NO;
				CLANG_ANALYZER_NONNULL = YES;
				CLANG_ANALYZER_NUMBER_OBJECT_CONVERSION = YES_AGGRESSIVE;
				CLANG_CXX_LANGUAGE_STANDARD = "gnu++14";
				CLANG_CXX_LIBRARY = "libc++";
				CLANG_ENABLE_MODULES = YES;
				CLANG_ENABLE_OBJC_ARC = YES;
				CLANG_ENABLE_OBJC_WEAK = YES;
				CLANG_WARN_BLOCK_CAPTURE_AUTORELEASING = YES;
				CLANG_WARN_BOOL_CONVERSION = YES;
				CLANG_WARN_COMMA = YES;
				CLANG_WARN_CONSTANT_CONVERSION = YES;
				CLANG_WARN_DEPRECATED_OBJC_IMPLEMENTATIONS = YES;
				CLANG_WARN_DIRECT_OBJC_ISA_USAGE = YES_ERROR;
				CLANG_WARN_DOCUMENTATION_COMMENTS = YES;
				CLANG_WARN_EMPTY_BODY = YES;
				CLANG_WARN_ENUM_CONVERSION = YES;
				CLANG_WARN_INFINITE_RECURSION = YES;
				CLANG_WARN_INT_CONVERSION = YES;
				CLANG_WARN_NON_LITERAL_NULL_CONVERSION = YES;
				CLANG_WARN_OBJC_IMPLICIT_RETAIN_SELF = YES;
				CLANG_WARN_OBJC_LITERAL_CONVERSION = YES;
				CLANG_WARN_OBJC_ROOT_CLASS = YES_ERROR;
				CLANG_WARN_RANGE_LOOP_ANALYSIS = YES;
				CLANG_WARN_STRICT_PROTOTYPES = YES;
				CLANG_WARN_SUSPICIOUS_MOVE = YES;
				CLANG_WARN_UNGUARDED_AVAILABILITY = YES_AGGRESSIVE;
				CLANG_WARN_UNREACHABLE_CODE = YES;
				CLANG_WARN__DUPLICATE_METHOD_MATCH = YES;
				CODE_SIGN_IDENTITY = "iPhone Developer";
				COPY_PHASE_STRIP = NO;
				DEBUG_INFORMATION_FORMAT = dwarf;
				ENABLE_STRICT_OBJC_MSGSEND = YES;
				ENABLE_TESTABILITY = YES;
				GCC_C_LANGUAGE_STANDARD = gnu11;
				GCC_DYNAMIC_NO_PIC = NO;
				GCC_NO_COMMON_BLOCKS = YES;
				GCC_OPTIMIZATION_LEVEL = 0;
				GCC_PREPROCESSOR_DEFINITIONS = (
					"DEBUG=1",
					"$(inherited)",
				);
				GCC_WARN_64_TO_32_BIT_CONVERSION = YES;
				GCC_WARN_ABOUT_RETURN_TYPE = YES_ERROR;
				GCC_WARN_UNDECLARED_SELECTOR = YES;
				GCC_WARN_UNINITIALIZED_AUTOS = YES_AGGRESSIVE;
				GCC_WARN_UNUSED_FUNCTION = YES;
				GCC_WARN_UNUSED_VARIABLE = YES;
				IPHONEOS_DEPLOYMENT_TARGET = 11.4;
				MTL_ENABLE_DEBUG_INFO = YES;
				ONLY_ACTIVE_ARCH = YES;
				SDKROOT = iphoneos;
				SWIFT_ACTIVE_COMPILATION_CONDITIONS = DEBUG;
				SWIFT_OPTIMIZATION_LEVEL = "-Onone";
				SWIFT_VERSION = 4.2;
			};
			name = Debug;
		};
		0455556A212A4BEC0080892F /* Release */ = {
			isa = XCBuildConfiguration;
			buildSettings = {
				ALWAYS_SEARCH_USER_PATHS = NO;
				CLANG_ANALYZER_NONNULL = YES;
				CLANG_ANALYZER_NUMBER_OBJECT_CONVERSION = YES_AGGRESSIVE;
				CLANG_CXX_LANGUAGE_STANDARD = "gnu++14";
				CLANG_CXX_LIBRARY = "libc++";
				CLANG_ENABLE_MODULES = YES;
				CLANG_ENABLE_OBJC_ARC = YES;
				CLANG_ENABLE_OBJC_WEAK = YES;
				CLANG_WARN_BLOCK_CAPTURE_AUTORELEASING = YES;
				CLANG_WARN_BOOL_CONVERSION = YES;
				CLANG_WARN_COMMA = YES;
				CLANG_WARN_CONSTANT_CONVERSION = YES;
				CLANG_WARN_DEPRECATED_OBJC_IMPLEMENTATIONS = YES;
				CLANG_WARN_DIRECT_OBJC_ISA_USAGE = YES_ERROR;
				CLANG_WARN_DOCUMENTATION_COMMENTS = YES;
				CLANG_WARN_EMPTY_BODY = YES;
				CLANG_WARN_ENUM_CONVERSION = YES;
				CLANG_WARN_INFINITE_RECURSION = YES;
				CLANG_WARN_INT_CONVERSION = YES;
				CLANG_WARN_NON_LITERAL_NULL_CONVERSION = YES;
				CLANG_WARN_OBJC_IMPLICIT_RETAIN_SELF = YES;
				CLANG_WARN_OBJC_LITERAL_CONVERSION = YES;
				CLANG_WARN_OBJC_ROOT_CLASS = YES_ERROR;
				CLANG_WARN_RANGE_LOOP_ANALYSIS = YES;
				CLANG_WARN_STRICT_PROTOTYPES = YES;
				CLANG_WARN_SUSPICIOUS_MOVE = YES;
				CLANG_WARN_UNGUARDED_AVAILABILITY = YES_AGGRESSIVE;
				CLANG_WARN_UNREACHABLE_CODE = YES;
				CLANG_WARN__DUPLICATE_METHOD_MATCH = YES;
				CODE_SIGN_IDENTITY = "iPhone Developer";
				COPY_PHASE_STRIP = NO;
				DEBUG_INFORMATION_FORMAT = "dwarf-with-dsym";
				ENABLE_NS_ASSERTIONS = NO;
				ENABLE_STRICT_OBJC_MSGSEND = YES;
				GCC_C_LANGUAGE_STANDARD = gnu11;
				GCC_NO_COMMON_BLOCKS = YES;
				GCC_WARN_64_TO_32_BIT_CONVERSION = YES;
				GCC_WARN_ABOUT_RETURN_TYPE = YES_ERROR;
				GCC_WARN_UNDECLARED_SELECTOR = YES;
				GCC_WARN_UNINITIALIZED_AUTOS = YES_AGGRESSIVE;
				GCC_WARN_UNUSED_FUNCTION = YES;
				GCC_WARN_UNUSED_VARIABLE = YES;
				IPHONEOS_DEPLOYMENT_TARGET = 11.4;
				MTL_ENABLE_DEBUG_INFO = NO;
				SDKROOT = iphoneos;
				SWIFT_COMPILATION_MODE = wholemodule;
				SWIFT_OPTIMIZATION_LEVEL = "-O";
				SWIFT_VERSION = 4.2;
				VALIDATE_PRODUCT = YES;
			};
			name = Release;
		};
		0455556C212A4BEC0080892F /* Debug */ = {
			isa = XCBuildConfiguration;
			baseConfigurationReference = 57A02B7B3FDCE39CFB802565 /* Pods-TodoList.debug.xcconfig */;
			buildSettings = {
				ASSETCATALOG_COMPILER_APPICON_NAME = AppIcon;
				CODE_SIGN_STYLE = Automatic;
				DEVELOPMENT_TEAM = 5V8898Z33P;
				INFOPLIST_FILE = TodoList/Info.plist;
				IPHONEOS_DEPLOYMENT_TARGET = 11.4;
				LD_RUNPATH_SEARCH_PATHS = (
					"$(inherited)",
					"@executable_path/Frameworks",
				);
				PRODUCT_BUNDLE_IDENTIFIER = com.junhyuk.TodoList;
				PRODUCT_NAME = "$(TARGET_NAME)";
				SWIFT_VERSION = 5.0;
				TARGETED_DEVICE_FAMILY = 1;
			};
			name = Debug;
		};
		0455556D212A4BEC0080892F /* Release */ = {
			isa = XCBuildConfiguration;
			baseConfigurationReference = 6DFF25FAEB79A64607CC252C /* Pods-TodoList.release.xcconfig */;
			buildSettings = {
				ASSETCATALOG_COMPILER_APPICON_NAME = AppIcon;
				CODE_SIGN_STYLE = Automatic;
				DEVELOPMENT_TEAM = 5V8898Z33P;
				INFOPLIST_FILE = TodoList/Info.plist;
				IPHONEOS_DEPLOYMENT_TARGET = 11.4;
				LD_RUNPATH_SEARCH_PATHS = (
					"$(inherited)",
					"@executable_path/Frameworks",
				);
				PRODUCT_BUNDLE_IDENTIFIER = com.junhyuk.TodoList;
				PRODUCT_NAME = "$(TARGET_NAME)";
				SWIFT_VERSION = 5.0;
				TARGETED_DEVICE_FAMILY = 1;
			};
			name = Release;
		};
/* End XCBuildConfiguration section */

/* Begin XCConfigurationList section */
		04555554212A4BEA0080892F /* Build configuration list for PBXProject "TodoList" */ = {
			isa = XCConfigurationList;
			buildConfigurations = (
				04555569212A4BEC0080892F /* Debug */,
				0455556A212A4BEC0080892F /* Release */,
			);
			defaultConfigurationIsVisible = 0;
			defaultConfigurationName = Release;
		};
		0455556B212A4BEC0080892F /* Build configuration list for PBXNativeTarget "TodoList" */ = {
			isa = XCConfigurationList;
			buildConfigurations = (
				0455556C212A4BEC0080892F /* Debug */,
				0455556D212A4BEC0080892F /* Release */,
			);
			defaultConfigurationIsVisible = 0;
			defaultConfigurationName = Release;
		};
/* End XCConfigurationList section */
	};
	rootObject = 04555551212A4BEA0080892F /* Project object */;
}
